// !$*UTF8*$!
{
	archiveVersion = 1;
	classes = {
	};
	objectVersion = 50;
	objects = {

/* Begin PBXBuildFile section */
		74F8FBD22118957B008DA68F /* AppDelegate.m in Sources */ = {isa = PBXBuildFile; fileRef = 74F8FBD12118957B008DA68F /* AppDelegate.m */; };
		74F8FBD52118957B008DA68F /* ViewController.m in Sources */ = {isa = PBXBuildFile; fileRef = 74F8FBD42118957B008DA68F /* ViewController.m */; };
		74F8FBD82118957B008DA68F /* Main.storyboard in Resources */ = {isa = PBXBuildFile; fileRef = 74F8FBD62118957B008DA68F /* Main.storyboard */; };
		74F8FBDA2118957D008DA68F /* Assets.xcassets in Resources */ = {isa = PBXBuildFile; fileRef = 74F8FBD92118957D008DA68F /* Assets.xcassets */; };
		74F8FBDD2118957D008DA68F /* LaunchScreen.storyboard in Resources */ = {isa = PBXBuildFile; fileRef = 74F8FBDB2118957D008DA68F /* LaunchScreen.storyboard */; };
		74F8FBE02118957D008DA68F /* main.m in Sources */ = {isa = PBXBuildFile; fileRef = 74F8FBDF2118957D008DA68F /* main.m */; };
		74F8FBE9211896A3008DA68F /* ItemData.m in Sources */ = {isa = PBXBuildFile; fileRef = 74F8FBE7211896A3008DA68F /* ItemData.m */; };
		74F8FBEC21189709008DA68F /* CustomCollectionViewCell.m in Sources */ = {isa = PBXBuildFile; fileRef = 74F8FBEA21189709008DA68F /* CustomCollectionViewCell.m */; };
		74F8FBEF21189713008DA68F /* JYEqualCellSpaceFlowLayout.m in Sources */ = {isa = PBXBuildFile; fileRef = 74F8FBED21189713008DA68F /* JYEqualCellSpaceFlowLayout.m */; };
		74F8FBF221189E12008DA68F /* HeaderCollectionReusableView.m in Sources */ = {isa = PBXBuildFile; fileRef = 74F8FBF121189E11008DA68F /* HeaderCollectionReusableView.m */; };
/* End PBXBuildFile section */

/* Begin PBXFileReference section */
		74F8FBCD2118957B008DA68F /* searchDemo.app */ = {isa = PBXFileReference; explicitFileType = wrapper.application; includeInIndex = 0; path = searchDemo.app; sourceTree = BUILT_PRODUCTS_DIR; };
		74F8FBD02118957B008DA68F /* AppDelegate.h */ = {isa = PBXFileReference; lastKnownFileType = sourcecode.c.h; path = AppDelegate.h; sourceTree = "<group>"; };
		74F8FBD12118957B008DA68F /* AppDelegate.m */ = {isa = PBXFileReference; lastKnownFileType = sourcecode.c.objc; path = AppDelegate.m; sourceTree = "<group>"; };
		74F8FBD32118957B008DA68F /* ViewController.h */ = {isa = PBXFileReference; lastKnownFileType = sourcecode.c.h; path = ViewController.h; sourceTree = "<group>"; };
		74F8FBD42118957B008DA68F /* ViewController.m */ = {isa = PBXFileReference; lastKnownFileType = sourcecode.c.objc; path = ViewController.m; sourceTree = "<group>"; };
		74F8FBD72118957B008DA68F /* Base */ = {isa = PBXFileReference; lastKnownFileType = file.storyboard; name = Base; path = Base.lproj/Main.storyboard; sourceTree = "<group>"; };
		74F8FBD92118957D008DA68F /* Assets.xcassets */ = {isa = PBXFileReference; lastKnownFileType = folder.assetcatalog; path = Assets.xcassets; sourceTree = "<group>"; };
		74F8FBDC2118957D008DA68F /* Base */ = {isa = PBXFileReference; lastKnownFileType = file.storyboard; name = Base; path = Base.lproj/LaunchScreen.storyboard; sourceTree = "<group>"; };
		74F8FBDE2118957D008DA68F /* Info.plist */ = {isa = PBXFileReference; lastKnownFileType = text.plist.xml; path = Info.plist; sourceTree = "<group>"; };
		74F8FBDF2118957D008DA68F /* main.m */ = {isa = PBXFileReference; lastKnownFileType = sourcecode.c.objc; path = main.m; sourceTree = "<group>"; };
		74F8FBE7211896A3008DA68F /* ItemData.m */ = {isa = PBXFileReference; fileEncoding = 4; lastKnownFileType = sourcecode.c.objc; path = ItemData.m; sourceTree = "<group>"; };
		74F8FBE8211896A3008DA68F /* ItemData.h */ = {isa = PBXFileReference; fileEncoding = 4; lastKnownFileType = sourcecode.c.h; path = ItemData.h; sourceTree = "<group>"; };
		74F8FBEA21189709008DA68F /* CustomCollectionViewCell.m */ = {isa = PBXFileReference; fileEncoding = 4; lastKnownFileType = sourcecode.c.objc; path = CustomCollectionViewCell.m; sourceTree = "<group>"; };
		74F8FBEB21189709008DA68F /* CustomCollectionViewCell.h */ = {isa = PBXFileReference; fileEncoding = 4; lastKnownFileType = sourcecode.c.h; path = CustomCollectionViewCell.h; sourceTree = "<group>"; };
		74F8FBED21189713008DA68F /* JYEqualCellSpaceFlowLayout.m */ = {isa = PBXFileReference; fileEncoding = 4; lastKnownFileType = sourcecode.c.objc; path = JYEqualCellSpaceFlowLayout.m; sourceTree = "<group>"; };
		74F8FBEE21189713008DA68F /* JYEqualCellSpaceFlowLayout.h */ = {isa = PBXFileReference; fileEncoding = 4; lastKnownFileType = sourcecode.c.h; path = JYEqualCellSpaceFlowLayout.h; sourceTree = "<group>"; };
		74F8FBF021189E11008DA68F /* HeaderCollectionReusableView.h */ = {isa = PBXFileReference; fileEncoding = 4; lastKnownFileType = sourcecode.c.h; path = HeaderCollectionReusableView.h; sourceTree = "<group>"; };
		74F8FBF121189E11008DA68F /* HeaderCollectionReusableView.m */ = {isa = PBXFileReference; fileEncoding = 4; lastKnownFileType = sourcecode.c.objc; path = HeaderCollectionReusableView.m; sourceTree = "<group>"; };
/* End PBXFileReference section */

/* Begin PBXFrameworksBuildPhase section */
		74F8FBCA2118957B008DA68F /* Frameworks */ = {
			isa = PBXFrameworksBuildPhase;
			buildActionMask = 2147483647;
			files = (
			);
			runOnlyForDeploymentPostprocessing = 0;
		};
/* End PBXFrameworksBuildPhase section */

/* Begin PBXGroup section */
		74F8FBC42118957B008DA68F = {
			isa = PBXGroup;
			children = (
				74F8FBCF2118957B008DA68F /* searchDemo */,
				74F8FBCE2118957B008DA68F /* Products */,
			);
			sourceTree = "<group>";
		};
		74F8FBCE2118957B008DA68F /* Products */ = {
			isa = PBXGroup;
			children = (
				74F8FBCD2118957B008DA68F /* searchDemo.app */,
			);
			name = Products;
			sourceTree = "<group>";
		};
		74F8FBCF2118957B008DA68F /* searchDemo */ = {
			isa = PBXGroup;
			children = (
				74F8FBE621189695008DA68F /* demo */,
				74F8FBD02118957B008DA68F /* AppDelegate.h */,
				74F8FBD12118957B008DA68F /* AppDelegate.m */,
				74F8FBD32118957B008DA68F /* ViewController.h */,
				74F8FBD42118957B008DA68F /* ViewController.m */,
				74F8FBD62118957B008DA68F /* Main.storyboard */,
				74F8FBD92118957D008DA68F /* Assets.xcassets */,
				74F8FBDB2118957D008DA68F /* LaunchScreen.storyboard */,
				74F8FBDE2118957D008DA68F /* Info.plist */,
				74F8FBDF2118957D008DA68F /* main.m */,
			);
			path = searchDemo;
			sourceTree = "<group>";
		};
		74F8FBE621189695008DA68F /* demo */ = {
			isa = PBXGroup;
			children = (
				74F8FBEE21189713008DA68F /* JYEqualCellSpaceFlowLayout.h */,
				74F8FBED21189713008DA68F /* JYEqualCellSpaceFlowLayout.m */,
				74F8FBEB21189709008DA68F /* CustomCollectionViewCell.h */,
				74F8FBEA21189709008DA68F /* CustomCollectionViewCell.m */,
				74F8FBE8211896A3008DA68F /* ItemData.h */,
				74F8FBE7211896A3008DA68F /* ItemData.m */,
				74F8FBF021189E11008DA68F /* HeaderCollectionReusableView.h */,
				74F8FBF121189E11008DA68F /* HeaderCollectionReusableView.m */,
			);
			path = demo;
			sourceTree = "<group>";
		};
/* End PBXGroup section */

/* Begin PBXNativeTarget section */
		74F8FBCC2118957B008DA68F /* searchDemo */ = {
			isa = PBXNativeTarget;
			buildConfigurationList = 74F8FBE32118957D008DA68F /* Build configuration list for PBXNativeTarget "searchDemo" */;
			buildPhases = (
				74F8FBC92118957B008DA68F /* Sources */,
				74F8FBCA2118957B008DA68F /* Frameworks */,
				74F8FBCB2118957B008DA68F /* Resources */,
			);
			buildRules = (
			);
			dependencies = (
			);
			name = searchDemo;
			productName = searchDemo;
			productReference = 74F8FBCD2118957B008DA68F /* searchDemo.app */;
			productType = "com.apple.product-type.application";
		};
/* End PBXNativeTarget section */

/* Begin PBXProject section */
		74F8FBC52118957B008DA68F /* Project object */ = {
			isa = PBXProject;
			attributes = {
				LastUpgradeCheck = 0940;
				ORGANIZATIONNAME = CHEN;
				TargetAttributes = {
					74F8FBCC2118957B008DA68F = {
						CreatedOnToolsVersion = 9.4.1;
					};
				};
			};
			buildConfigurationList = 74F8FBC82118957B008DA68F /* Build configuration list for PBXProject "searchDemo" */;
			compatibilityVersion = "Xcode 9.3";
			developmentRegion = en;
			hasScannedForEncodings = 0;
			knownRegions = (
				en,
				Base,
			);
			mainGroup = 74F8FBC42118957B008DA68F;
			productRefGroup = 74F8FBCE2118957B008DA68F /* Products */;
			projectDirPath = "";
			projectRoot = "";
			targets = (
				74F8FBCC2118957B008DA68F /* searchDemo */,
			);
		};
/* End PBXProject section */

/* Begin PBXResourcesBuildPhase section */
		74F8FBCB2118957B008DA68F /* Resources */ = {
			isa = PBXResourcesBuildPhase;
			buildActionMask = 2147483647;
			files = (
				74F8FBDD2118957D008DA68F /* LaunchScreen.storyboard in Resources */,
				74F8FBDA2118957D008DA68F /* Assets.xcassets in Resources */,
				74F8FBD82118957B008DA68F /* Main.storyboard in Resources */,
			);
			runOnlyForDeploymentPostprocessing = 0;
		};
/* End PBXResourcesBuildPhase section */

/* Begin PBXSourcesBuildPhase section */
		74F8FBC92118957B008DA68F /* Sources */ = {
			isa = PBXSourcesBuildPhase;
			buildActionMask = 2147483647;
			files = (
				74F8FBEF21189713008DA68F /* JYEqualCellSpaceFlowLayout.m in Sources */,
				74F8FBF221189E12008DA68F /* HeaderCollectionReusableView.m in Sources */,
				74F8FBD52118957B008DA68F /* ViewController.m in Sources */,
				74F8FBE02118957D008DA68F /* main.m in Sources */,
				74F8FBE9211896A3008DA68F /* ItemData.m in Sources */,
				74F8FBD22118957B008DA68F /* AppDelegate.m in Sources */,
				74F8FBEC21189709008DA68F /* CustomCollectionViewCell.m in Sources */,
			);
			runOnlyForDeploymentPostprocessing = 0;
		};
/* End PBXSourcesBuildPhase section */

/* Begin PBXVariantGroup section */
		74F8FBD62118957B008DA68F /* Main.storyboard */ = {
			isa = PBXVariantGroup;
			children = (
				74F8FBD72118957B008DA68F /* Base */,
			);
			name = Main.storyboard;
			sourceTree = "<group>";
		};
		74F8FBDB2118957D008DA68F /* LaunchScreen.storyboard */ = {
			isa = PBXVariantGroup;
			children = (
				74F8FBDC2118957D008DA68F /* Base */,
			);
			name = LaunchScreen.storyboard;
			sourceTree = "<group>";
		};
/* End PBXVariantGroup section */

/* Begin XCBuildConfiguration section */
		74F8FBE12118957D008DA68F /* Debug */ = {
			isa = XCBuildConfiguration;
			buildSettings = {
				ALWAYS_SEARCH_USER_PATHS = NO;
				CLANG_ANALYZER_NONNULL = YES;
				CLANG_ANALYZER_NUMBER_OBJECT_CONVERSION = YES_AGGRESSIVE;
				CLANG_CXX_LANGUAGE_STANDARD = "gnu++14";
				CLANG_CXX_LIBRARY = "libc++";
				CLANG_ENABLE_MODULES = YES;
				CLANG_ENABLE_OBJC_ARC = YES;
				CLANG_ENABLE_OBJC_WEAK = YES;
				CLANG_WARN_BLOCK_CAPTURE_AUTORELEASING = YES;
				CLANG_WARN_BOOL_CONVERSION = YES;
				CLANG_WARN_COMMA = YES;
				CLANG_WARN_CONSTANT_CONVERSION = YES;
				CLANG_WARN_DEPRECATED_OBJC_IMPLEMENTATIONS = YES;
				CLANG_WARN_DIRECT_OBJC_ISA_USAGE = YES_ERROR;
				CLANG_WARN_DOCUMENTATION_COMMENTS = YES;
				CLANG_WARN_EMPTY_BODY = YES;
				CLANG_WARN_ENUM_CONVERSION = YES;
				CLANG_WARN_INFINITE_RECURSION = YES;
				CLANG_WARN_INT_CONVERSION = YES;
				CLANG_WARN_NON_LITERAL_NULL_CONVERSION = YES;
				CLANG_WARN_OBJC_IMPLICIT_RETAIN_SELF = YES;
				CLANG_WARN_OBJC_LITERAL_CONVERSION = YES;
				CLANG_WARN_OBJC_ROOT_CLASS = YES_ERROR;
				CLANG_WARN_RANGE_LOOP_ANALYSIS = YES;
				CLANG_WARN_STRICT_PROTOTYPES = YES;
				CLANG_WARN_SUSPICIOUS_MOVE = YES;
				CLANG_WARN_UNGUARDED_AVAILABILITY = YES_AGGRESSIVE;
				CLANG_WARN_UNREACHABLE_CODE = YES;
				CLANG_WARN__DUPLICATE_METHOD_MATCH = YES;
				CODE_SIGN_IDENTITY = "iPhone Developer";
				COPY_PHASE_STRIP = NO;
				DEBUG_INFORMATION_FORMAT = dwarf;
				ENABLE_STRICT_OBJC_MSGSEND = YES;
				ENABLE_TESTABILITY = YES;
				GCC_C_LANGUAGE_STANDARD = gnu11;
				GCC_DYNAMIC_NO_PIC = NO;
				GCC_NO_COMMON_BLOCKS = YES;
				GCC_OPTIMIZATION_LEVEL = 0;
				GCC_PREPROCESSOR_DEFINITIONS = (
					"DEBUG=1",
					"$(inherited)",
				);
				GCC_WARN_64_TO_32_BIT_CONVERSION = YES;
				GCC_WARN_ABOUT_RETURN_TYPE = YES_ERROR;
				GCC_WARN_UNDECLARED_SELECTOR = YES;
				GCC_WARN_UNINITIALIZED_AUTOS = YES_AGGRESSIVE;
				GCC_WARN_UNUSED_FUNCTION = YES;
				GCC_WARN_UNUSED_VARIABLE = YES;
				IPHONEOS_DEPLOYMENT_TARGET = 11.4;
				MTL_ENABLE_DEBUG_INFO = YES;
				ONLY_ACTIVE_ARCH = YES;
				SDKROOT = iphoneos;
			};
			name = Debug;
		};
		74F8FBE22118957D008DA68F /* Release */ = {
			isa = XCBuildConfiguration;
			buildSettings = {
				ALWAYS_SEARCH_USER_PATHS = NO;
				CLANG_ANALYZER_NONNULL = YES;
				CLANG_ANALYZER_NUMBER_OBJECT_CONVERSION = YES_AGGRESSIVE;
				CLANG_CXX_LANGUAGE_STANDARD = "gnu++14";
				CLANG_CXX_LIBRARY = "libc++";
				CLANG_ENABLE_MODULES = YES;
				CLANG_ENABLE_OBJC_ARC = YES;
				CLANG_ENABLE_OBJC_WEAK = YES;
				CLANG_WARN_BLOCK_CAPTURE_AUTORELEASING = YES;
				CLANG_WARN_BOOL_CONVERSION = YES;
				CLANG_WARN_COMMA = YES;
				CLANG_WARN_CONSTANT_CONVERSION = YES;
				CLANG_WARN_DEPRECATED_OBJC_IMPLEMENTATIONS = YES;
				CLANG_WARN_DIRECT_OBJC_ISA_USAGE = YES_ERROR;
				CLANG_WARN_DOCUMENTATION_COMMENTS = YES;
				CLANG_WARN_EMPTY_BODY = YES;
				CLANG_WARN_ENUM_CONVERSION = YES;
				CLANG_WARN_INFINITE_RECURSION = YES;
				CLANG_WARN_INT_CONVERSION = YES;
				CLANG_WARN_NON_LITERAL_NULL_CONVERSION = YES;
				CLANG_WARN_OBJC_IMPLICIT_RETAIN_SELF = YES;
				CLANG_WARN_OBJC_LITERAL_CONVERSION = YES;
				CLANG_WARN_OBJC_ROOT_CLASS = YES_ERROR;
				CLANG_WARN_RANGE_LOOP_ANALYSIS = YES;
				CLANG_WARN_STRICT_PROTOTYPES = YES;
				CLANG_WARN_SUSPICIOUS_MOVE = YES;
				CLANG_WARN_UNGUARDED_AVAILABILITY = YES_AGGRESSIVE;
				CLANG_WARN_UNREACHABLE_CODE = YES;
				CLANG_WARN__DUPLICATE_METHOD_MATCH = YES;
				CODE_SIGN_IDENTITY = "iPhone Developer";
				COPY_PHASE_STRIP = NO;
				DEBUG_INFORMATION_FORMAT = "dwarf-with-dsym";
				ENABLE_NS_ASSERTIONS = NO;
				ENABLE_STRICT_OBJC_MSGSEND = YES;
				GCC_C_LANGUAGE_STANDARD = gnu11;
				GCC_NO_COMMON_BLOCKS = YES;
				GCC_WARN_64_TO_32_BIT_CONVERSION = YES;
				GCC_WARN_ABOUT_RETURN_TYPE = YES_ERROR;
				GCC_WARN_UNDECLARED_SELECTOR = YES;
				GCC_WARN_UNINITIALIZED_AUTOS = YES_AGGRESSIVE;
				GCC_WARN_UNUSED_FUNCTION = YES;
				GCC_WARN_UNUSED_VARIABLE = YES;
				IPHONEOS_DEPLOYMENT_TARGET = 11.4;
				MTL_ENABLE_DEBUG_INFO = NO;
				SDKROOT = iphoneos;
				VALIDATE_PRODUCT = YES;
			};
			name = Release;
		};
		74F8FBE42118957D008DA68F /* Debug */ = {
			isa = XCBuildConfiguration;
			buildSettings = {
				ASSETCATALOG_COMPILER_APPICON_NAME = AppIcon;
				CODE_SIGN_STYLE = Automatic;
				DEVELOPMENT_TEAM = 8JG55B6JYT;
				INFOPLIST_FILE = searchDemo/Info.plist;
				LD_RUNPATH_SEARCH_PATHS = (
					"$(inherited)",
					"@executable_path/Frameworks",
				);
				PRODUCT_BUNDLE_IDENTIFIER = TEXT.searchDemo;
				PRODUCT_NAME = "$(TARGET_NAME)";
				TARGETED_DEVICE_FAMILY = "1,2";
			};
			name = Debug;
		};
		74F8FBE52118957D008DA68F /* Release */ = {
			isa = XCBuildConfiguration;
			buildSettings = {
				ASSETCATALOG_COMPILER_APPICON_NAME = AppIcon;
				CODE_SIGN_STYLE = Automatic;
				DEVELOPMENT_TEAM = 8JG55B6JYT;
				INFOPLIST_FILE = searchDemo/Info.plist;
				LD_RUNPATH_SEARCH_PATHS = (
					"$(inherited)",
					"@executable_path/Frameworks",
				);
				PRODUCT_BUNDLE_IDENTIFIER = TEXT.searchDemo;
				PRODUCT_NAME = "$(TARGET_NAME)";
				TARGETED_DEVICE_FAMILY = "1,2";
			};
			name = Release;
		};
/* End XCBuildConfiguration section */

/* Begin XCConfigurationList section */
		74F8FBC82118957B008DA68F /* Build configuration list for PBXProject "searchDemo" */ = {
			isa = XCConfigurationList;
			buildConfigurations = (
				74F8FBE12118957D008DA68F /* Debug */,
				74F8FBE22118957D008DA68F /* Release */,
			);
			defaultConfigurationIsVisible = 0;
			defaultConfigurationName = Release;
		};
		74F8FBE32118957D008DA68F /* Build configuration list for PBXNativeTarget "searchDemo" */ = {
			isa = XCConfigurationList;
			buildConfigurations = (
				74F8FBE42118957D008DA68F /* Debug */,
				74F8FBE52118957D008DA68F /* Release */,
			);
			defaultConfigurationIsVisible = 0;
			defaultConfigurationName = Release;
		};
/* End XCConfigurationList section */
	};
	rootObject = 74F8FBC52118957B008DA68F /* Project object */;
}
